
Microsoft Visual Studio Solution File, Format Version 12.00
# Visual Studio Version 16
VisualStudioVersion = 16.6.30114.105
MinimumVisualStudioVersion = 10.0.40219.1
Project("{FAE04EC0-301F-11D3-BF4B-00C04F79EFBC}") = "ConsoleLocal", "ConsoleLocal\ConsoleLocal.csproj", "{9F201D27-4B73-4350-B058-7041EF0BB36B}"
EndProject
Project("{FAE04EC0-301F-11D3-BF4B-00C04F79EFBC}") = "AzureFunctions", "AzureFunctions\AzureFunctions.csproj", "{FB5A51E8-BABF-4E96-8918-836A4951EBCD}"
EndProject
Global
	GlobalSection(SolutionConfigurationPlatforms) = preSolution
		Debug|Any CPU = Debug|Any CPU
		Debug|x64 = Debug|x64
		Debug|x86 = Debug|x86
		Release|Any CPU = Release|Any CPU
		Release|x64 = Release|x64
		Release|x86 = Release|x86
	EndGlobalSection
	GlobalSection(SolutionProperties) = preSolution
		HideSolutionNode = FALSE
	EndGlobalSection
	GlobalSection(ProjectConfigurationPlatforms) = postSolution
		{9F201D27-4B73-4350-B058-7041EF0BB36B}.Debug|Any CPU.ActiveCfg = Debug|Any CPU
		{9F201D27-4B73-4350-B058-7041EF0BB36B}.Debug|Any CPU.Build.0 = Debug|Any CPU
		{9F201D27-4B73-4350-B058-7041EF0BB36B}.Debug|x64.ActiveCfg = Debug|Any CPU
		{9F201D27-4B73-4350-B058-7041EF0BB36B}.Debug|x64.Build.0 = Debug|Any CPU
		{9F201D27-4B73-4350-B058-7041EF0BB36B}.Debug|x86.ActiveCfg = Debug|Any CPU
		{9F201D27-4B73-4350-B058-7041EF0BB36B}.Debug|x86.Build.0 = Debug|Any CPU
		{9F201D27-4B73-4350-B058-7041EF0BB36B}.Release|Any CPU.ActiveCfg = Release|Any CPU
		{9F201D27-4B73-4350-B058-7041EF0BB36B}.Release|Any CPU.Build.0 = Release|Any CPU
		{9F201D27-4B73-4350-B058-7041EF0BB36B}.Release|x64.ActiveCfg = Release|Any CPU
		{9F201D27-4B73-4350-B058-7041EF0BB36B}.Release|x64.Build.0 = Release|Any CPU
		{9F201D27-4B73-4350-B058-7041EF0BB36B}.Release|x86.ActiveCfg = Release|Any CPU
		{9F201D27-4B73-4350-B058-7041EF0BB36B}.Release|x86.Build.0 = Release|Any CPU
		{FB5A51E8-BABF-4E96-8918-836A4951EBCD}.Debug|Any CPU.ActiveCfg = Debug|Any CPU
		{FB5A51E8-BABF-4E96-8918-836A4951EBCD}.Debug|Any CPU.Build.0 = Debug|Any CPU
		{FB5A51E8-BABF-4E96-8918-836A4951EBCD}.Debug|x64.ActiveCfg = Debug|Any CPU
		{FB5A51E8-BABF-4E96-8918-836A4951EBCD}.Debug|x64.Build.0 = Debug|Any CPU
		{FB5A51E8-BABF-4E96-8918-836A4951EBCD}.Debug|x86.ActiveCfg = Debug|Any CPU
		{FB5A51E8-BABF-4E96-8918-836A4951EBCD}.Debug|x86.Build.0 = Debug|Any CPU
		{FB5A51E8-BABF-4E96-8918-836A4951EBCD}.Release|Any CPU.ActiveCfg = Release|Any CPU
		{FB5A51E8-BABF-4E96-8918-836A4951EBCD}.Release|Any CPU.Build.0 = Release|Any CPU
		{FB5A51E8-BABF-4E96-8918-836A4951EBCD}.Release|x64.ActiveCfg = Release|Any CPU
		{FB5A51E8-BABF-4E96-8918-836A4951EBCD}.Release|x64.Build.0 = Release|Any CPU
		{FB5A51E8-BABF-4E96-8918-836A4951EBCD}.Release|x86.ActiveCfg = Release|Any CPU
		{FB5A51E8-BABF-4E96-8918-836A4951EBCD}.Release|x86.Build.0 = Release|Any CPU
	EndGlobalSection
EndGlobal
